// !$*UTF8*$!
{
	archiveVersion = 1;
	classes = {
	};
	objectVersion = 77;
	objects = {

/* Begin PBXBuildFile section */
		AB153B472E906ABD006FF4D4 /* WidgetKit.framework in Frameworks */ = {isa = PBXBuildFile; fileRef = AB153B462E906ABD006FF4D4 /* WidgetKit.framework */; };
		AB153B492E906ABD006FF4D4 /* SwiftUI.framework in Frameworks */ = {isa = PBXBuildFile; fileRef = AB153B482E906ABD006FF4D4 /* SwiftUI.framework */; };
		AB153B5A2E906ABF006FF4D4 /* PartnerTrackerWidgetExtension.appex in Embed Foundation Extensions */ = {isa = PBXBuildFile; fileRef = AB153B452E906ABD006FF4D4 /* PartnerTrackerWidgetExtension.appex */; settings = {ATTRIBUTES = (RemoveHeadersOnCopy, ); }; };
		AB2511982E030F0B006D6624 /* FirebaseAnalytics in Frameworks */ = {isa = PBXBuildFile; productRef = AB2511972E030F0B006D6624 /* FirebaseAnalytics */; };
		AB25119A2E030F0B006D6624 /* FirebaseAuth in Frameworks */ = {isa = PBXBuildFile; productRef = AB2511992E030F0B006D6624 /* FirebaseAuth */; };
		AB25119C2E030F0B006D6624 /* FirebaseDatabase in Frameworks */ = {isa = PBXBuildFile; productRef = AB25119B2E030F0B006D6624 /* FirebaseDatabase */; };
		AB25119F2E03152C006D6624 /* FirebaseFirestore in Frameworks */ = {isa = PBXBuildFile; productRef = AB25119E2E03152C006D6624 /* FirebaseFirestore */; };
		AB2511A12E031575006D6624 /* FirebaseFirestoreCombine-Community in Frameworks */ = {isa = PBXBuildFile; productRef = AB2511A02E031575006D6624 /* FirebaseFirestoreCombine-Community */; };
		ABA7F0DC2E54F5B50084A77E /* README.md in Resources */ = {isa = PBXBuildFile; fileRef = ABA7F0DB2E54F5B50084A77E /* README.md */; };
/* End PBXBuildFile section */

/* Begin PBXContainerItemProxy section */
		AB153B582E906ABF006FF4D4 /* PBXContainerItemProxy */ = {
			isa = PBXContainerItemProxy;
			containerPortal = AB2511372DFCD34F006D6624 /* Project object */;
			proxyType = 1;
			remoteGlobalIDString = AB153B442E906ABD006FF4D4;
			remoteInfo = PartnerTrackerWidgetExtension;
		};
		AB25114D2DFCD351006D6624 /* PBXContainerItemProxy */ = {
			isa = PBXContainerItemProxy;
			containerPortal = AB2511372DFCD34F006D6624 /* Project object */;
			proxyType = 1;
			remoteGlobalIDString = AB25113E2DFCD34F006D6624;
			remoteInfo = PartnerTracker;
		};
		AB2511572DFCD351006D6624 /* PBXContainerItemProxy */ = {
			isa = PBXContainerItemProxy;
			containerPortal = AB2511372DFCD34F006D6624 /* Project object */;
			proxyType = 1;
			remoteGlobalIDString = AB25113E2DFCD34F006D6624;
			remoteInfo = PartnerTracker;
		};
/* End PBXContainerItemProxy section */

/* Begin PBXCopyFilesBuildPhase section */
		AB153B5F2E906ABF006FF4D4 /* Embed Foundation Extensions */ = {
			isa = PBXCopyFilesBuildPhase;
			buildActionMask = 2147483647;
			dstPath = "";
			dstSubfolderSpec = 13;
			files = (
				AB153B5A2E906ABF006FF4D4 /* PartnerTrackerWidgetExtension.appex in Embed Foundation Extensions */,
			);
			name = "Embed Foundation Extensions";
			runOnlyForDeploymentPostprocessing = 0;
		};
/* End PBXCopyFilesBuildPhase section */

/* Begin PBXFileReference section */
		AB153B452E906ABD006FF4D4 /* PartnerTrackerWidgetExtension.appex */ = {isa = PBXFileReference; explicitFileType = "wrapper.app-extension"; includeInIndex = 0; path = PartnerTrackerWidgetExtension.appex; sourceTree = BUILT_PRODUCTS_DIR; };
		AB153B462E906ABD006FF4D4 /* WidgetKit.framework */ = {isa = PBXFileReference; lastKnownFileType = wrapper.framework; name = WidgetKit.framework; path = System/Library/Frameworks/WidgetKit.framework; sourceTree = SDKROOT; };
		AB153B482E906ABD006FF4D4 /* SwiftUI.framework */ = {isa = PBXFileReference; lastKnownFileType = wrapper.framework; name = SwiftUI.framework; path = System/Library/Frameworks/SwiftUI.framework; sourceTree = SDKROOT; };
		AB153B612E907148006FF4D4 /* PartnerTrackerWidgetExtension.entitlements */ = {isa = PBXFileReference; lastKnownFileType = text.plist.entitlements; path = PartnerTrackerWidgetExtension.entitlements; sourceTree = "<group>"; };
		AB25113F2DFCD34F006D6624 /* PartnerTracker.app */ = {isa = PBXFileReference; explicitFileType = wrapper.application; includeInIndex = 0; path = PartnerTracker.app; sourceTree = BUILT_PRODUCTS_DIR; };
		AB25114C2DFCD351006D6624 /* PartnerTrackerTests.xctest */ = {isa = PBXFileReference; explicitFileType = wrapper.cfbundle; includeInIndex = 0; path = PartnerTrackerTests.xctest; sourceTree = BUILT_PRODUCTS_DIR; };
		AB2511562DFCD351006D6624 /* PartnerTrackerUITests.xctest */ = {isa = PBXFileReference; explicitFileType = wrapper.cfbundle; includeInIndex = 0; path = PartnerTrackerUITests.xctest; sourceTree = BUILT_PRODUCTS_DIR; };
		ABA7F0DB2E54F5B50084A77E /* README.md */ = {isa = PBXFileReference; lastKnownFileType = net.daringfireball.markdown; path = README.md; sourceTree = "<group>"; };
/* End PBXFileReference section */

/* Begin PBXFileSystemSynchronizedBuildFileExceptionSet section */
		AB153B5B2E906ABF006FF4D4 /* Exceptions for "PartnerTrackerWidget" folder in "PartnerTrackerWidgetExtension" target */ = {
			isa = PBXFileSystemSynchronizedBuildFileExceptionSet;
			membershipExceptions = (
				Info.plist,
			);
			target = AB153B442E906ABD006FF4D4 /* PartnerTrackerWidgetExtension */;
		};
/* End PBXFileSystemSynchronizedBuildFileExceptionSet section */

/* Begin PBXFileSystemSynchronizedRootGroup section */
		AB153B4A2E906ABD006FF4D4 /* PartnerTrackerWidget */ = {
			isa = PBXFileSystemSynchronizedRootGroup;
			exceptions = (
				AB153B5B2E906ABF006FF4D4 /* Exceptions for "PartnerTrackerWidget" folder in "PartnerTrackerWidgetExtension" target */,
			);
			path = PartnerTrackerWidget;
			sourceTree = "<group>";
		};
		AB2511412DFCD34F006D6624 /* PartnerTracker */ = {
			isa = PBXFileSystemSynchronizedRootGroup;
			path = PartnerTracker;
			sourceTree = "<group>";
		};
		AB25114F2DFCD351006D6624 /* PartnerTrackerTests */ = {
			isa = PBXFileSystemSynchronizedRootGroup;
			path = PartnerTrackerTests;
			sourceTree = "<group>";
		};
		AB2511592DFCD351006D6624 /* PartnerTrackerUITests */ = {
			isa = PBXFileSystemSynchronizedRootGroup;
			path = PartnerTrackerUITests;
			sourceTree = "<group>";
		};
/* End PBXFileSystemSynchronizedRootGroup section */

/* Begin PBXFrameworksBuildPhase section */
		AB153B422E906ABD006FF4D4 /* Frameworks */ = {
			isa = PBXFrameworksBuildPhase;
			buildActionMask = 2147483647;
			files = (
				AB153B492E906ABD006FF4D4 /* SwiftUI.framework in Frameworks */,
				AB153B472E906ABD006FF4D4 /* WidgetKit.framework in Frameworks */,
			);
			runOnlyForDeploymentPostprocessing = 0;
		};
		AB25113C2DFCD34F006D6624 /* Frameworks */ = {
			isa = PBXFrameworksBuildPhase;
			buildActionMask = 2147483647;
			files = (
				AB25119C2E030F0B006D6624 /* FirebaseDatabase in Frameworks */,
				AB25119F2E03152C006D6624 /* FirebaseFirestore in Frameworks */,
				AB2511982E030F0B006D6624 /* FirebaseAnalytics in Frameworks */,
				AB2511A12E031575006D6624 /* FirebaseFirestoreCombine-Community in Frameworks */,
				AB25119A2E030F0B006D6624 /* FirebaseAuth in Frameworks */,
			);
			runOnlyForDeploymentPostprocessing = 0;
		};
		AB2511492DFCD351006D6624 /* Frameworks */ = {
			isa = PBXFrameworksBuildPhase;
			buildActionMask = 2147483647;
			files = (
			);
			runOnlyForDeploymentPostprocessing = 0;
		};
		AB2511532DFCD351006D6624 /* Frameworks */ = {
			isa = PBXFrameworksBuildPhase;
			buildActionMask = 2147483647;
			files = (
			);
			runOnlyForDeploymentPostprocessing = 0;
		};
/* End PBXFrameworksBuildPhase section */

/* Begin PBXGroup section */
		AB2511362DFCD34F006D6624 = {
			isa = PBXGroup;
			children = (
				AB153B612E907148006FF4D4 /* PartnerTrackerWidgetExtension.entitlements */,
				ABA7F0DB2E54F5B50084A77E /* README.md */,
				AB2511412DFCD34F006D6624 /* PartnerTracker */,
				AB25114F2DFCD351006D6624 /* PartnerTrackerTests */,
				AB2511592DFCD351006D6624 /* PartnerTrackerUITests */,
				AB153B4A2E906ABD006FF4D4 /* PartnerTrackerWidget */,
				AB25119D2E03152C006D6624 /* Frameworks */,
				AB2511402DFCD34F006D6624 /* Products */,
			);
			sourceTree = "<group>";
		};
		AB2511402DFCD34F006D6624 /* Products */ = {
			isa = PBXGroup;
			children = (
				AB25113F2DFCD34F006D6624 /* PartnerTracker.app */,
				AB25114C2DFCD351006D6624 /* PartnerTrackerTests.xctest */,
				AB2511562DFCD351006D6624 /* PartnerTrackerUITests.xctest */,
				AB153B452E906ABD006FF4D4 /* PartnerTrackerWidgetExtension.appex */,
			);
			name = Products;
			sourceTree = "<group>";
		};
		AB25119D2E03152C006D6624 /* Frameworks */ = {
			isa = PBXGroup;
			children = (
				AB153B462E906ABD006FF4D4 /* WidgetKit.framework */,
				AB153B482E906ABD006FF4D4 /* SwiftUI.framework */,
			);
			name = Frameworks;
			sourceTree = "<group>";
		};
/* End PBXGroup section */

/* Begin PBXNativeTarget section */
		AB153B442E906ABD006FF4D4 /* PartnerTrackerWidgetExtension */ = {
			isa = PBXNativeTarget;
			buildConfigurationList = AB153B5C2E906ABF006FF4D4 /* Build configuration list for PBXNativeTarget "PartnerTrackerWidgetExtension" */;
			buildPhases = (
				AB153B412E906ABD006FF4D4 /* Sources */,
				AB153B422E906ABD006FF4D4 /* Frameworks */,
				AB153B432E906ABD006FF4D4 /* Resources */,
			);
			buildRules = (
			);
			dependencies = (
			);
			fileSystemSynchronizedGroups = (
				AB153B4A2E906ABD006FF4D4 /* PartnerTrackerWidget */,
			);
			name = PartnerTrackerWidgetExtension;
			packageProductDependencies = (
			);
			productName = PartnerTrackerWidgetExtension;
			productReference = AB153B452E906ABD006FF4D4 /* PartnerTrackerWidgetExtension.appex */;
			productType = "com.apple.product-type.app-extension";
		};
		AB25113E2DFCD34F006D6624 /* PartnerTracker */ = {
			isa = PBXNativeTarget;
			buildConfigurationList = AB2511602DFCD351006D6624 /* Build configuration list for PBXNativeTarget "PartnerTracker" */;
			buildPhases = (
				AB25113B2DFCD34F006D6624 /* Sources */,
				AB25113C2DFCD34F006D6624 /* Frameworks */,
				AB25113D2DFCD34F006D6624 /* Resources */,
				AB153B5F2E906ABF006FF4D4 /* Embed Foundation Extensions */,
			);
			buildRules = (
			);
			dependencies = (
				AB153B592E906ABF006FF4D4 /* PBXTargetDependency */,
			);
			fileSystemSynchronizedGroups = (
				AB2511412DFCD34F006D6624 /* PartnerTracker */,
			);
			name = PartnerTracker;
			packageProductDependencies = (
				AB2511972E030F0B006D6624 /* FirebaseAnalytics */,
				AB2511992E030F0B006D6624 /* FirebaseAuth */,
				AB25119B2E030F0B006D6624 /* FirebaseDatabase */,
				AB25119E2E03152C006D6624 /* FirebaseFirestore */,
				AB2511A02E031575006D6624 /* FirebaseFirestoreCombine-Community */,
			);
			productName = PartnerTracker;
			productReference = AB25113F2DFCD34F006D6624 /* PartnerTracker.app */;
			productType = "com.apple.product-type.application";
		};
		AB25114B2DFCD351006D6624 /* PartnerTrackerTests */ = {
			isa = PBXNativeTarget;
			buildConfigurationList = AB2511632DFCD351006D6624 /* Build configuration list for PBXNativeTarget "PartnerTrackerTests" */;
			buildPhases = (
				AB2511482DFCD351006D6624 /* Sources */,
				AB2511492DFCD351006D6624 /* Frameworks */,
				AB25114A2DFCD351006D6624 /* Resources */,
			);
			buildRules = (
			);
			dependencies = (
				AB25114E2DFCD351006D6624 /* PBXTargetDependency */,
			);
			fileSystemSynchronizedGroups = (
				AB25114F2DFCD351006D6624 /* PartnerTrackerTests */,
			);
			name = PartnerTrackerTests;
			packageProductDependencies = (
			);
			productName = PartnerTrackerTests;
			productReference = AB25114C2DFCD351006D6624 /* PartnerTrackerTests.xctest */;
			productType = "com.apple.product-type.bundle.unit-test";
		};
		AB2511552DFCD351006D6624 /* PartnerTrackerUITests */ = {
			isa = PBXNativeTarget;
			buildConfigurationList = AB2511662DFCD351006D6624 /* Build configuration list for PBXNativeTarget "PartnerTrackerUITests" */;
			buildPhases = (
				AB2511522DFCD351006D6624 /* Sources */,
				AB2511532DFCD351006D6624 /* Frameworks */,
				AB2511542DFCD351006D6624 /* Resources */,
			);
			buildRules = (
			);
			dependencies = (
				AB2511582DFCD351006D6624 /* PBXTargetDependency */,
			);
			fileSystemSynchronizedGroups = (
				AB2511592DFCD351006D6624 /* PartnerTrackerUITests */,
			);
			name = PartnerTrackerUITests;
			packageProductDependencies = (
			);
			productName = PartnerTrackerUITests;
			productReference = AB2511562DFCD351006D6624 /* PartnerTrackerUITests.xctest */;
			productType = "com.apple.product-type.bundle.ui-testing";
		};
/* End PBXNativeTarget section */

/* Begin PBXProject section */
		AB2511372DFCD34F006D6624 /* Project object */ = {
			isa = PBXProject;
			attributes = {
				BuildIndependentTargetsInParallel = 1;
				LastSwiftUpdateCheck = 1630;
				LastUpgradeCheck = 1630;
				TargetAttributes = {
					AB153B442E906ABD006FF4D4 = {
						CreatedOnToolsVersion = 16.3;
					};
					AB25113E2DFCD34F006D6624 = {
						CreatedOnToolsVersion = 16.3;
					};
					AB25114B2DFCD351006D6624 = {
						CreatedOnToolsVersion = 16.3;
						TestTargetID = AB25113E2DFCD34F006D6624;
					};
					AB2511552DFCD351006D6624 = {
						CreatedOnToolsVersion = 16.3;
						TestTargetID = AB25113E2DFCD34F006D6624;
					};
				};
			};
			buildConfigurationList = AB25113A2DFCD34F006D6624 /* Build configuration list for PBXProject "PartnerTracker" */;
			developmentRegion = en;
			hasScannedForEncodings = 0;
			knownRegions = (
				en,
				Base,
			);
			mainGroup = AB2511362DFCD34F006D6624;
			minimizedProjectReferenceProxies = 1;
			packageReferences = (
				AB2511962E030F0B006D6624 /* XCRemoteSwiftPackageReference "firebase-ios-sdk" */,
			);
			preferredProjectObjectVersion = 77;
			productRefGroup = AB2511402DFCD34F006D6624 /* Products */;
			projectDirPath = "";
			projectRoot = "";
			targets = (
				AB25113E2DFCD34F006D6624 /* PartnerTracker */,
				AB25114B2DFCD351006D6624 /* PartnerTrackerTests */,
				AB2511552DFCD351006D6624 /* PartnerTrackerUITests */,
				AB153B442E906ABD006FF4D4 /* PartnerTrackerWidgetExtension */,
			);
		};
/* End PBXProject section */

/* Begin PBXResourcesBuildPhase section */
		AB153B432E906ABD006FF4D4 /* Resources */ = {
			isa = PBXResourcesBuildPhase;
			buildActionMask = 2147483647;
			files = (
			);
			runOnlyForDeploymentPostprocessing = 0;
		};
		AB25113D2DFCD34F006D6624 /* Resources */ = {
			isa = PBXResourcesBuildPhase;
			buildActionMask = 2147483647;
			files = (
				ABA7F0DC2E54F5B50084A77E /* README.md in Resources */,
			);
			runOnlyForDeploymentPostprocessing = 0;
		};
		AB25114A2DFCD351006D6624 /* Resources */ = {
			isa = PBXResourcesBuildPhase;
			buildActionMask = 2147483647;
			files = (
			);
			runOnlyForDeploymentPostprocessing = 0;
		};
		AB2511542DFCD351006D6624 /* Resources */ = {
			isa = PBXResourcesBuildPhase;
			buildActionMask = 2147483647;
			files = (
			);
			runOnlyForDeploymentPostprocessing = 0;
		};
/* End PBXResourcesBuildPhase section */

/* Begin PBXSourcesBuildPhase section */
		AB153B412E906ABD006FF4D4 /* Sources */ = {
			isa = PBXSourcesBuildPhase;
			buildActionMask = 2147483647;
			files = (
			);
			runOnlyForDeploymentPostprocessing = 0;
		};
		AB25113B2DFCD34F006D6624 /* Sources */ = {
			isa = PBXSourcesBuildPhase;
			buildActionMask = 2147483647;
			files = (
			);
			runOnlyForDeploymentPostprocessing = 0;
		};
		AB2511482DFCD351006D6624 /* Sources */ = {
			isa = PBXSourcesBuildPhase;
			buildActionMask = 2147483647;
			files = (
			);
			runOnlyForDeploymentPostprocessing = 0;
		};
		AB2511522DFCD351006D6624 /* Sources */ = {
			isa = PBXSourcesBuildPhase;
			buildActionMask = 2147483647;
			files = (
			);
			runOnlyForDeploymentPostprocessing = 0;
		};
/* End PBXSourcesBuildPhase section */

/* Begin PBXTargetDependency section */
		AB153B592E906ABF006FF4D4 /* PBXTargetDependency */ = {
			isa = PBXTargetDependency;
			target = AB153B442E906ABD006FF4D4 /* PartnerTrackerWidgetExtension */;
			targetProxy = AB153B582E906ABF006FF4D4 /* PBXContainerItemProxy */;
		};
		AB25114E2DFCD351006D6624 /* PBXTargetDependency */ = {
			isa = PBXTargetDependency;
			target = AB25113E2DFCD34F006D6624 /* PartnerTracker */;
			targetProxy = AB25114D2DFCD351006D6624 /* PBXContainerItemProxy */;
		};
		AB2511582DFCD351006D6624 /* PBXTargetDependency */ = {
			isa = PBXTargetDependency;
			target = AB25113E2DFCD34F006D6624 /* PartnerTracker */;
			targetProxy = AB2511572DFCD351006D6624 /* PBXContainerItemProxy */;
		};
/* End PBXTargetDependency section */

/* Begin XCBuildConfiguration section */
		AB153B5D2E906ABF006FF4D4 /* Debug */ = {
			isa = XCBuildConfiguration;
			buildSettings = {
				ASSETCATALOG_COMPILER_GLOBAL_ACCENT_COLOR_NAME = AccentColor;
				ASSETCATALOG_COMPILER_WIDGET_BACKGROUND_COLOR_NAME = WidgetBackground;
				CODE_SIGN_ENTITLEMENTS = PartnerTrackerWidgetExtension.entitlements;
				CODE_SIGN_STYLE = Automatic;
				CURRENT_PROJECT_VERSION = 1;
				GENERATE_INFOPLIST_FILE = YES;
				INFOPLIST_FILE = PartnerTrackerWidget/Info.plist;
				INFOPLIST_KEY_CFBundleDisplayName = PartnerTrackerWidget;
				INFOPLIST_KEY_NSHumanReadableCopyright = "";
				LD_RUNPATH_SEARCH_PATHS = (
					"$(inherited)",
					"@executable_path/Frameworks",
					"@executable_path/../../Frameworks",
				);
				MARKETING_VERSION = 1.0;
				PRODUCT_BUNDLE_IDENTIFIER = "de.syntax-institut.PartnerTracker.PartnerTrackerWidget";
				PRODUCT_NAME = "$(TARGET_NAME)";
				SKIP_INSTALL = YES;
				SWIFT_EMIT_LOC_STRINGS = YES;
				SWIFT_VERSION = 5.0;
				TARGETED_DEVICE_FAMILY = "1,2";
			};
			name = Debug;
		};
		AB153B5E2E906ABF006FF4D4 /* Release */ = {
			isa = XCBuildConfiguration;
			buildSettings = {
				ASSETCATALOG_COMPILER_GLOBAL_ACCENT_COLOR_NAME = AccentColor;
				ASSETCATALOG_COMPILER_WIDGET_BACKGROUND_COLOR_NAME = WidgetBackground;
				CODE_SIGN_ENTITLEMENTS = PartnerTrackerWidgetExtension.entitlements;
				CODE_SIGN_STYLE = Automatic;
				CURRENT_PROJECT_VERSION = 1;
				GENERATE_INFOPLIST_FILE = YES;
				INFOPLIST_FILE = PartnerTrackerWidget/Info.plist;
				INFOPLIST_KEY_CFBundleDisplayName = PartnerTrackerWidget;
				INFOPLIST_KEY_NSHumanReadableCopyright = "";
				LD_RUNPATH_SEARCH_PATHS = (
					"$(inherited)",
					"@executable_path/Frameworks",
					"@executable_path/../../Frameworks",
				);
				MARKETING_VERSION = 1.0;
				PRODUCT_BUNDLE_IDENTIFIER = "de.syntax-institut.PartnerTracker.PartnerTrackerWidget";
				PRODUCT_NAME = "$(TARGET_NAME)";
				SKIP_INSTALL = YES;
				SWIFT_EMIT_LOC_STRINGS = YES;
				SWIFT_VERSION = 5.0;
				TARGETED_DEVICE_FAMILY = "1,2";
			};
			name = Release;
		};
		AB25115E2DFCD351006D6624 /* Debug */ = {
			isa = XCBuildConfiguration;
			buildSettings = {
				ALWAYS_SEARCH_USER_PATHS = NO;
				ASSETCATALOG_COMPILER_GENERATE_SWIFT_ASSET_SYMBOL_EXTENSIONS = YES;
				CLANG_ANALYZER_NONNULL = YES;
				CLANG_ANALYZER_NUMBER_OBJECT_CONVERSION = YES_AGGRESSIVE;
				CLANG_CXX_LANGUAGE_STANDARD = "gnu++20";
				CLANG_ENABLE_MODULES = YES;
				CLANG_ENABLE_OBJC_ARC = YES;
				CLANG_ENABLE_OBJC_WEAK = YES;
				CLANG_WARN_BLOCK_CAPTURE_AUTORELEASING = YES;
				CLANG_WARN_BOOL_CONVERSION = YES;
				CLANG_WARN_COMMA = YES;
				CLANG_WARN_CONSTANT_CONVERSION = YES;
				CLANG_WARN_DEPRECATED_OBJC_IMPLEMENTATIONS = YES;
				CLANG_WARN_DIRECT_OBJC_ISA_USAGE = YES_ERROR;
				CLANG_WARN_DOCUMENTATION_COMMENTS = YES;
				CLANG_WARN_EMPTY_BODY = YES;
				CLANG_WARN_ENUM_CONVERSION = YES;
				CLANG_WARN_INFINITE_RECURSION = YES;
				CLANG_WARN_INT_CONVERSION = YES;
				CLANG_WARN_NON_LITERAL_NULL_CONVERSION = YES;
				CLANG_WARN_OBJC_IMPLICIT_RETAIN_SELF = YES;
				CLANG_WARN_OBJC_LITERAL_CONVERSION = YES;
				CLANG_WARN_OBJC_ROOT_CLASS = YES_ERROR;
				CLANG_WARN_QUOTED_INCLUDE_IN_FRAMEWORK_HEADER = YES;
				CLANG_WARN_RANGE_LOOP_ANALYSIS = YES;
				CLANG_WARN_STRICT_PROTOTYPES = YES;
				CLANG_WARN_SUSPICIOUS_MOVE = YES;
				CLANG_WARN_UNGUARDED_AVAILABILITY = YES_AGGRESSIVE;
				CLANG_WARN_UNREACHABLE_CODE = YES;
				CLANG_WARN__DUPLICATE_METHOD_MATCH = YES;
				COPY_PHASE_STRIP = NO;
				DEBUG_INFORMATION_FORMAT = dwarf;
				ENABLE_STRICT_OBJC_MSGSEND = YES;
				ENABLE_TESTABILITY = YES;
				ENABLE_USER_SCRIPT_SANDBOXING = YES;
				GCC_C_LANGUAGE_STANDARD = gnu17;
				GCC_DYNAMIC_NO_PIC = NO;
				GCC_NO_COMMON_BLOCKS = YES;
				GCC_OPTIMIZATION_LEVEL = 0;
				GCC_PREPROCESSOR_DEFINITIONS = (
					"DEBUG=1",
					"$(inherited)",
				);
				GCC_WARN_64_TO_32_BIT_CONVERSION = YES;
				GCC_WARN_ABOUT_RETURN_TYPE = YES_ERROR;
				GCC_WARN_UNDECLARED_SELECTOR = YES;
				GCC_WARN_UNINITIALIZED_AUTOS = YES_AGGRESSIVE;
				GCC_WARN_UNUSED_FUNCTION = YES;
				GCC_WARN_UNUSED_VARIABLE = YES;
				IPHONEOS_DEPLOYMENT_TARGET = 18.4;
				LOCALIZATION_PREFERS_STRING_CATALOGS = YES;
				MTL_ENABLE_DEBUG_INFO = INCLUDE_SOURCE;
				MTL_FAST_MATH = YES;
				ONLY_ACTIVE_ARCH = YES;
				SDKROOT = iphoneos;
				SWIFT_ACTIVE_COMPILATION_CONDITIONS = "DEBUG $(inherited)";
				SWIFT_OPTIMIZATION_LEVEL = "-Onone";
			};
			name = Debug;
		};
		AB25115F2DFCD351006D6624 /* Release */ = {
			isa = XCBuildConfiguration;
			buildSettings = {
				ALWAYS_SEARCH_USER_PATHS = NO;
				ASSETCATALOG_COMPILER_GENERATE_SWIFT_ASSET_SYMBOL_EXTENSIONS = YES;
				CLANG_ANALYZER_NONNULL = YES;
				CLANG_ANALYZER_NUMBER_OBJECT_CONVERSION = YES_AGGRESSIVE;
				CLANG_CXX_LANGUAGE_STANDARD = "gnu++20";
				CLANG_ENABLE_MODULES = YES;
				CLANG_ENABLE_OBJC_ARC = YES;
				CLANG_ENABLE_OBJC_WEAK = YES;
				CLANG_WARN_BLOCK_CAPTURE_AUTORELEASING = YES;
				CLANG_WARN_BOOL_CONVERSION = YES;
				CLANG_WARN_COMMA = YES;
				CLANG_WARN_CONSTANT_CONVERSION = YES;
				CLANG_WARN_DEPRECATED_OBJC_IMPLEMENTATIONS = YES;
				CLANG_WARN_DIRECT_OBJC_ISA_USAGE = YES_ERROR;
				CLANG_WARN_DOCUMENTATION_COMMENTS = YES;
				CLANG_WARN_EMPTY_BODY = YES;
				CLANG_WARN_ENUM_CONVERSION = YES;
				CLANG_WARN_INFINITE_RECURSION = YES;
				CLANG_WARN_INT_CONVERSION = YES;
				CLANG_WARN_NON_LITERAL_NULL_CONVERSION = YES;
				CLANG_WARN_OBJC_IMPLICIT_RETAIN_SELF = YES;
				CLANG_WARN_OBJC_LITERAL_CONVERSION = YES;
				CLANG_WARN_OBJC_ROOT_CLASS = YES_ERROR;
				CLANG_WARN_QUOTED_INCLUDE_IN_FRAMEWORK_HEADER = YES;
				CLANG_WARN_RANGE_LOOP_ANALYSIS = YES;
				CLANG_WARN_STRICT_PROTOTYPES = YES;
				CLANG_WARN_SUSPICIOUS_MOVE = YES;
				CLANG_WARN_UNGUARDED_AVAILABILITY = YES_AGGRESSIVE;
				CLANG_WARN_UNREACHABLE_CODE = YES;
				CLANG_WARN__DUPLICATE_METHOD_MATCH = YES;
				COPY_PHASE_STRIP = NO;
				DEBUG_INFORMATION_FORMAT = "dwarf-with-dsym";
				ENABLE_NS_ASSERTIONS = NO;
				ENABLE_STRICT_OBJC_MSGSEND = YES;
				ENABLE_USER_SCRIPT_SANDBOXING = YES;
				GCC_C_LANGUAGE_STANDARD = gnu17;
				GCC_NO_COMMON_BLOCKS = YES;
				GCC_WARN_64_TO_32_BIT_CONVERSION = YES;
				GCC_WARN_ABOUT_RETURN_TYPE = YES_ERROR;
				GCC_WARN_UNDECLARED_SELECTOR = YES;
				GCC_WARN_UNINITIALIZED_AUTOS = YES_AGGRESSIVE;
				GCC_WARN_UNUSED_FUNCTION = YES;
				GCC_WARN_UNUSED_VARIABLE = YES;
				IPHONEOS_DEPLOYMENT_TARGET = 18.4;
				LOCALIZATION_PREFERS_STRING_CATALOGS = YES;
				MTL_ENABLE_DEBUG_INFO = NO;
				MTL_FAST_MATH = YES;
				SDKROOT = iphoneos;
				SWIFT_COMPILATION_MODE = wholemodule;
				VALIDATE_PRODUCT = YES;
			};
			name = Release;
		};
		AB2511612DFCD351006D6624 /* Debug */ = {
			isa = XCBuildConfiguration;
			buildSettings = {
				ASSETCATALOG_COMPILER_APPICON_NAME = AppIcon;
				ASSETCATALOG_COMPILER_GLOBAL_ACCENT_COLOR_NAME = AccentColor;
				CODE_SIGN_ENTITLEMENTS = PartnerTracker/PartnerTracker.entitlements;
				CODE_SIGN_STYLE = Automatic;
				CURRENT_PROJECT_VERSION = 1;
				DEVELOPMENT_TEAM = "";
				ENABLE_PREVIEWS = YES;
				GENERATE_INFOPLIST_FILE = YES;
				INFOPLIST_KEY_UIApplicationSceneManifest_Generation = YES;
				INFOPLIST_KEY_UIApplicationSupportsIndirectInputEvents = YES;
				INFOPLIST_KEY_UILaunchScreen_Generation = YES;
				INFOPLIST_KEY_UISupportedInterfaceOrientations_iPad = "UIInterfaceOrientationPortrait UIInterfaceOrientationPortraitUpsideDown UIInterfaceOrientationLandscapeLeft UIInterfaceOrientationLandscapeRight";
				INFOPLIST_KEY_UISupportedInterfaceOrientations_iPhone = "UIInterfaceOrientationPortrait UIInterfaceOrientationLandscapeLeft UIInterfaceOrientationLandscapeRight";
				LD_RUNPATH_SEARCH_PATHS = (
					"$(inherited)",
					"@executable_path/Frameworks",
				);
				MARKETING_VERSION = 1.0;
				PRODUCT_BUNDLE_IDENTIFIER = "de.syntax-institut.PartnerTracker";
				PRODUCT_NAME = "$(TARGET_NAME)";
				SUPPORTED_PLATFORMS = "iphoneos iphonesimulator";
				SUPPORTS_MACCATALYST = NO;
				SUPPORTS_MAC_DESIGNED_FOR_IPHONE_IPAD = NO;
				SUPPORTS_XR_DESIGNED_FOR_IPHONE_IPAD = NO;
				SWIFT_EMIT_LOC_STRINGS = YES;
				SWIFT_VERSION = 5.0;
				TARGETED_DEVICE_FAMILY = "1,2";
			};
			name = Debug;
		};
		AB2511622DFCD351006D6624 /* Release */ = {
			isa = XCBuildConfiguration;
			buildSettings = {
				ASSETCATALOG_COMPILER_APPICON_NAME = AppIcon;
				ASSETCATALOG_COMPILER_GLOBAL_ACCENT_COLOR_NAME = AccentColor;
				CODE_SIGN_ENTITLEMENTS = PartnerTracker/PartnerTracker.entitlements;
				CODE_SIGN_STYLE = Automatic;
				CURRENT_PROJECT_VERSION = 1;
				DEVELOPMENT_TEAM = "";
				ENABLE_PREVIEWS = YES;
				GENERATE_INFOPLIST_FILE = YES;
				INFOPLIST_KEY_UIApplicationSceneManifest_Generation = YES;
				INFOPLIST_KEY_UIApplicationSupportsIndirectInputEvents = YES;
				INFOPLIST_KEY_UILaunchScreen_Generation = YES;
				INFOPLIST_KEY_UISupportedInterfaceOrientations_iPad = "UIInterfaceOrientationPortrait UIInterfaceOrientationPortraitUpsideDown UIInterfaceOrientationLandscapeLeft UIInterfaceOrientationLandscapeRight";
				INFOPLIST_KEY_UISupportedInterfaceOrientations_iPhone = "UIInterfaceOrientationPortrait UIInterfaceOrientationLandscapeLeft UIInterfaceOrientationLandscapeRight";
				LD_RUNPATH_SEARCH_PATHS = (
					"$(inherited)",
					"@executable_path/Frameworks",
				);
				MARKETING_VERSION = 1.0;
				PRODUCT_BUNDLE_IDENTIFIER = "de.syntax-institut.PartnerTracker";
				PRODUCT_NAME = "$(TARGET_NAME)";
				SUPPORTED_PLATFORMS = "iphoneos iphonesimulator";
				SUPPORTS_MACCATALYST = NO;
				SUPPORTS_MAC_DESIGNED_FOR_IPHONE_IPAD = NO;
				SUPPORTS_XR_DESIGNED_FOR_IPHONE_IPAD = NO;
				SWIFT_EMIT_LOC_STRINGS = YES;
				SWIFT_VERSION = 5.0;
				TARGETED_DEVICE_FAMILY = "1,2";
			};
			name = Release;
		};
		AB2511642DFCD351006D6624 /* Debug */ = {
			isa = XCBuildConfiguration;
			buildSettings = {
				BUNDLE_LOADER = "$(TEST_HOST)";
				CODE_SIGN_STYLE = Automatic;
				CURRENT_PROJECT_VERSION = 1;
				GENERATE_INFOPLIST_FILE = YES;
				IPHONEOS_DEPLOYMENT_TARGET = 18.4;
				MARKETING_VERSION = 1.0;
				PRODUCT_BUNDLE_IDENTIFIER = "de.syntax-institut.PartnerTrackerTests";
				PRODUCT_NAME = "$(TARGET_NAME)";
				SWIFT_EMIT_LOC_STRINGS = NO;
				SWIFT_VERSION = 5.0;
				TARGETED_DEVICE_FAMILY = "1,2";
				TEST_HOST = "$(BUILT_PRODUCTS_DIR)/PartnerTracker.app/$(BUNDLE_EXECUTABLE_FOLDER_PATH)/PartnerTracker";
			};
			name = Debug;
		};
		AB2511652DFCD351006D6624 /* Release */ = {
			isa = XCBuildConfiguration;
			buildSettings = {
				BUNDLE_LOADER = "$(TEST_HOST)";
				CODE_SIGN_STYLE = Automatic;
				CURRENT_PROJECT_VERSION = 1;
				GENERATE_INFOPLIST_FILE = YES;
				IPHONEOS_DEPLOYMENT_TARGET = 18.4;
				MARKETING_VERSION = 1.0;
				PRODUCT_BUNDLE_IDENTIFIER = "de.syntax-institut.PartnerTrackerTests";
				PRODUCT_NAME = "$(TARGET_NAME)";
				SWIFT_EMIT_LOC_STRINGS = NO;
				SWIFT_VERSION = 5.0;
				TARGETED_DEVICE_FAMILY = "1,2";
				TEST_HOST = "$(BUILT_PRODUCTS_DIR)/PartnerTracker.app/$(BUNDLE_EXECUTABLE_FOLDER_PATH)/PartnerTracker";
			};
			name = Release;
		};
		AB2511672DFCD351006D6624 /* Debug */ = {
			isa = XCBuildConfiguration;
			buildSettings = {
				CODE_SIGN_STYLE = Automatic;
				CURRENT_PROJECT_VERSION = 1;
				GENERATE_INFOPLIST_FILE = YES;
				MARKETING_VERSION = 1.0;
				PRODUCT_BUNDLE_IDENTIFIER = "de.syntax-institut.PartnerTrackerUITests";
				PRODUCT_NAME = "$(TARGET_NAME)";
				SWIFT_EMIT_LOC_STRINGS = NO;
				SWIFT_VERSION = 5.0;
				TARGETED_DEVICE_FAMILY = "1,2";
				TEST_TARGET_NAME = PartnerTracker;
			};
			name = Debug;
		};
		AB2511682DFCD351006D6624 /* Release */ = {
			isa = XCBuildConfiguration;
			buildSettings = {
				CODE_SIGN_STYLE = Automatic;
				CURRENT_PROJECT_VERSION = 1;
				GENERATE_INFOPLIST_FILE = YES;
				MARKETING_VERSION = 1.0;
				PRODUCT_BUNDLE_IDENTIFIER = "de.syntax-institut.PartnerTrackerUITests";
				PRODUCT_NAME = "$(TARGET_NAME)";
				SWIFT_EMIT_LOC_STRINGS = NO;
				SWIFT_VERSION = 5.0;
				TARGETED_DEVICE_FAMILY = "1,2";
				TEST_TARGET_NAME = PartnerTracker;
			};
			name = Release;
		};
/* End XCBuildConfiguration section */

/* Begin XCConfigurationList section */
		AB153B5C2E906ABF006FF4D4 /* Build configuration list for PBXNativeTarget "PartnerTrackerWidgetExtension" */ = {
			isa = XCConfigurationList;
			buildConfigurations = (
				AB153B5D2E906ABF006FF4D4 /* Debug */,
				AB153B5E2E906ABF006FF4D4 /* Release */,
			);
			defaultConfigurationIsVisible = 0;
			defaultConfigurationName = Release;
		};
		AB25113A2DFCD34F006D6624 /* Build configuration list for PBXProject "PartnerTracker" */ = {
			isa = XCConfigurationList;
			buildConfigurations = (
				AB25115E2DFCD351006D6624 /* Debug */,
				AB25115F2DFCD351006D6624 /* Release */,
			);
			defaultConfigurationIsVisible = 0;
			defaultConfigurationName = Release;
		};
		AB2511602DFCD351006D6624 /* Build configuration list for PBXNativeTarget "PartnerTracker" */ = {
			isa = XCConfigurationList;
			buildConfigurations = (
				AB2511612DFCD351006D6624 /* Debug */,
				AB2511622DFCD351006D6624 /* Release */,
			);
			defaultConfigurationIsVisible = 0;
			defaultConfigurationName = Release;
		};
		AB2511632DFCD351006D6624 /* Build configuration list for PBXNativeTarget "PartnerTrackerTests" */ = {
			isa = XCConfigurationList;
			buildConfigurations = (
				AB2511642DFCD351006D6624 /* Debug */,
				AB2511652DFCD351006D6624 /* Release */,
			);
			defaultConfigurationIsVisible = 0;
			defaultConfigurationName = Release;
		};
		AB2511662DFCD351006D6624 /* Build configuration list for PBXNativeTarget "PartnerTrackerUITests" */ = {
			isa = XCConfigurationList;
			buildConfigurations = (
				AB2511672DFCD351006D6624 /* Debug */,
				AB2511682DFCD351006D6624 /* Release */,
			);
			defaultConfigurationIsVisible = 0;
			defaultConfigurationName = Release;
		};
/* End XCConfigurationList section */

/* Begin XCRemoteSwiftPackageReference section */
		AB2511962E030F0B006D6624 /* XCRemoteSwiftPackageReference "firebase-ios-sdk" */ = {
			isa = XCRemoteSwiftPackageReference;
			repositoryURL = "https://github.com/firebase/firebase-ios-sdk";
			requirement = {
				kind = upToNextMajorVersion;
				minimumVersion = 11.14.0;
			};
		};
/* End XCRemoteSwiftPackageReference section */

/* Begin XCSwiftPackageProductDependency section */
		AB2511972E030F0B006D6624 /* FirebaseAnalytics */ = {
			isa = XCSwiftPackageProductDependency;
			package = AB2511962E030F0B006D6624 /* XCRemoteSwiftPackageReference "firebase-ios-sdk" */;
			productName = FirebaseAnalytics;
		};
		AB2511992E030F0B006D6624 /* FirebaseAuth */ = {
			isa = XCSwiftPackageProductDependency;
			package = AB2511962E030F0B006D6624 /* XCRemoteSwiftPackageReference "firebase-ios-sdk" */;
			productName = FirebaseAuth;
		};
		AB25119B2E030F0B006D6624 /* FirebaseDatabase */ = {
			isa = XCSwiftPackageProductDependency;
			package = AB2511962E030F0B006D6624 /* XCRemoteSwiftPackageReference "firebase-ios-sdk" */;
			productName = FirebaseDatabase;
		};
		AB25119E2E03152C006D6624 /* FirebaseFirestore */ = {
			isa = XCSwiftPackageProductDependency;
			package = AB2511962E030F0B006D6624 /* XCRemoteSwiftPackageReference "firebase-ios-sdk" */;
			productName = FirebaseFirestore;
		};
		AB2511A02E031575006D6624 /* FirebaseFirestoreCombine-Community */ = {
			isa = XCSwiftPackageProductDependency;
			package = AB2511962E030F0B006D6624 /* XCRemoteSwiftPackageReference "firebase-ios-sdk" */;
			productName = "FirebaseFirestoreCombine-Community";
		};
/* End XCSwiftPackageProductDependency section */
	};
	rootObject = AB2511372DFCD34F006D6624 /* Project object */;
}
